
Microsoft Visual Studio Solution File, Format Version 12.00
# Visual Studio Version 16
VisualStudioVersion = 16.0.31424.327
MinimumVisualStudioVersion = 10.0.40219.1
Project("{FAE04EC0-301F-11D3-BF4B-00C04F79EFBC}") = "protogen_example", "protogen_example\protogen_example.csproj", "{36114665-4953-4761-94D7-8724BF1E1A2F}"
EndProject
Project("{FAE04EC0-301F-11D3-BF4B-00C04F79EFBC}") = "protogen_exampleTests", "protogen_exampleTests\protogen_exampleTests.csproj", "{1C7DEA10-7662-45C2-83F1-069B6299B7F2}"
EndProject
Global
	GlobalSection(SolutionConfigurationPlatforms) = preSolution
		Debug|Any CPU = Debug|Any CPU
		Release|Any CPU = Release|Any CPU
	EndGlobalSection
	GlobalSection(ProjectConfigurationPlatforms) = postSolution
		{36114665-4953-4761-94D7-8724BF1E1A2F}.Debug|Any CPU.ActiveCfg = Debug|Any CPU
		{36114665-4953-4761-94D7-8724BF1E1A2F}.Debug|Any CPU.Build.0 = Debug|Any CPU
		{36114665-4953-4761-94D7-8724BF1E1A2F}.Release|Any CPU.ActiveCfg = Release|Any CPU
		{36114665-4953-4761-94D7-8724BF1E1A2F}.Release|Any CPU.Build.0 = Release|Any CPU
		{1C7DEA10-7662-45C2-83F1-069B6299B7F2}.Debug|Any CPU.ActiveCfg = Debug|Any CPU
		{1C7DEA10-7662-45C2-83F1-069B6299B7F2}.Debug|Any CPU.Build.0 = Debug|Any CPU
		{1C7DEA10-7662-45C2-83F1-069B6299B7F2}.Release|Any CPU.ActiveCfg = Release|Any CPU
		{1C7DEA10-7662-45C2-83F1-069B6299B7F2}.Release|Any CPU.Build.0 = Release|Any CPU
	EndGlobalSection
	GlobalSection(SolutionProperties) = preSolution
		HideSolutionNode = FALSE
	EndGlobalSection
	GlobalSection(ExtensibilityGlobals) = postSolution
		SolutionGuid = {649DBB07-74EF-42BB-9628-B4A95B2400CD}
	EndGlobalSection
EndGlobal
